
Microsoft Visual Studio Solution File, Format Version 12.00
# Visual Studio Version 17
VisualStudioVersion = 17.5.33424.131
MinimumVisualStudioVersion = 10.0.40219.1
Project("{FAE04EC0-301F-11D3-BF4B-00C04F79EFBC}") = "0328hw (chain of responsibility)", "0328hw (chain of responsibility)\0328hw (chain of responsibility).csproj", "{60F4E146-3021-4E62-81C1-A74ECFAC2650}"
EndProject
Global
	GlobalSection(SolutionConfigurationPlatforms) = preSolution
		Debug|Any CPU = Debug|Any CPU
		Release|Any CPU = Release|Any CPU
	EndGlobalSection
	GlobalSection(ProjectConfigurationPlatforms) = postSolution
		{60F4E146-3021-4E62-81C1-A74ECFAC2650}.Debug|Any CPU.ActiveCfg = Debug|Any CPU
		{60F4E146-3021-4E62-81C1-A74ECFAC2650}.Debug|Any CPU.Build.0 = Debug|Any CPU
		{60F4E146-3021-4E62-81C1-A74ECFAC2650}.Release|Any CPU.ActiveCfg = Release|Any CPU
		{60F4E146-3021-4E62-81C1-A74ECFAC2650}.Release|Any CPU.Build.0 = Release|Any CPU
	EndGlobalSection
	GlobalSection(SolutionProperties) = preSolution
		HideSolutionNode = FALSE
	EndGlobalSection
	GlobalSection(ExtensibilityGlobals) = postSolution
		SolutionGuid = {66064854-44D1-43C4-A6F7-BDD03CFF104C}
	EndGlobalSection
EndGlobal
